
Microsoft Visual Studio Solution File, Format Version 12.00
# Visual Studio Version 16
VisualStudioVersion = 16.0.30204.135
MinimumVisualStudioVersion = 10.0.40219.1
Project("{FAE04EC0-301F-11D3-BF4B-00C04F79EFBC}") = "COMP123-Assignment4-BMICalculator", "COMP123-Assignment4-BMICalculator\COMP123-Assignment4-BMICalculator.csproj", "{9C3F9AFA-9369-4DAD-8F56-E991C4560D43}"
EndProject
Global
	GlobalSection(SolutionConfigurationPlatforms) = preSolution
		Debug|Any CPU = Debug|Any CPU
		Release|Any CPU = Release|Any CPU
	EndGlobalSection
	GlobalSection(ProjectConfigurationPlatforms) = postSolution
		{9C3F9AFA-9369-4DAD-8F56-E991C4560D43}.Debug|Any CPU.ActiveCfg = Debug|Any CPU
		{9C3F9AFA-9369-4DAD-8F56-E991C4560D43}.Debug|Any CPU.Build.0 = Debug|Any CPU
		{9C3F9AFA-9369-4DAD-8F56-E991C4560D43}.Release|Any CPU.ActiveCfg = Release|Any CPU
		{9C3F9AFA-9369-4DAD-8F56-E991C4560D43}.Release|Any CPU.Build.0 = Release|Any CPU
	EndGlobalSection
	GlobalSection(SolutionProperties) = preSolution
		HideSolutionNode = FALSE
	EndGlobalSection
	GlobalSection(ExtensibilityGlobals) = postSolution
		SolutionGuid = {23742155-5C33-41F0-812B-62334B9114E8}
	EndGlobalSection
EndGlobal
